
Microsoft Visual Studio Solution File, Format Version 12.00
# Visual Studio Version 17
VisualStudioVersion = 17.14.36105.17 d17.14
MinimumVisualStudioVersion = 10.0.40219.1
Project("{FAE04EC0-301F-11D3-BF4B-00C04F79EFBC}") = "WebBanHang", "WebBanHang\WebBanHang.csproj", "{291480DF-644B-4006-9EED-4A07A6897260}"
EndProject
Global
	GlobalSection(SolutionConfigurationPlatforms) = preSolution
		Debug|Any CPU = Debug|Any CPU
		Release|Any CPU = Release|Any CPU
	EndGlobalSection
	GlobalSection(ProjectConfigurationPlatforms) = postSolution
		{291480DF-644B-4006-9EED-4A07A6897260}.Debug|Any CPU.ActiveCfg = Debug|Any CPU
		{291480DF-644B-4006-9EED-4A07A6897260}.Debug|Any CPU.Build.0 = Debug|Any CPU
		{291480DF-644B-4006-9EED-4A07A6897260}.Release|Any CPU.ActiveCfg = Release|Any CPU
		{291480DF-644B-4006-9EED-4A07A6897260}.Release|Any CPU.Build.0 = Release|Any CPU
	EndGlobalSection
	GlobalSection(SolutionProperties) = preSolution
		HideSolutionNode = FALSE
	EndGlobalSection
	GlobalSection(ExtensibilityGlobals) = postSolution
		SolutionGuid = {A2675D39-65A0-4AD9-8549-A4DFDC29F4AA}
	EndGlobalSection
EndGlobal
